
Microsoft Visual Studio Solution File, Format Version 12.00
# Visual Studio Version 17
VisualStudioVersion = 17.7.34202.233
MinimumVisualStudioVersion = 10.0.40219.1
Project("{9A19103F-16F7-4668-BE54-9A1E7A4F7556}") = "AcyclicaService", "Acyclica\AcyclicaService.csproj", "{BEC272FF-028F-41B2-B853-2534B5613A77}"
EndProject
Project("{9A19103F-16F7-4668-BE54-9A1E7A4F7556}") = "AcyclicaService.Test", "AcyclicaService.Test\AcyclicaService.Test.csproj", "{D37582DB-084E-4C2B-9853-A15D7B1621DD}"
EndProject
Project("{9A19103F-16F7-4668-BE54-9A1E7A4F7556}") = "AcyclicaConfigRepository", "AcyclicaConfigRepository\AcyclicaConfigRepository.csproj", "{36819A1C-4DAD-4EA1-B0D5-0F075EB4225B}"
EndProject
Project("{9A19103F-16F7-4668-BE54-9A1E7A4F7556}") = "Extensions", "common\Extensions\Extensions.csproj", "{99F2CF22-D3BC-47F4-B847-DD64F319AF47}"
EndProject
Project("{9A19103F-16F7-4668-BE54-9A1E7A4F7556}") = "Messaging", "common\Messaging\Messaging.csproj", "{655C550E-2434-4B3B-AD9F-74E5005223F4}"
EndProject
Project("{9A19103F-16F7-4668-BE54-9A1E7A4F7556}") = "Monitoring", "common\Monitoring\Monitoring.csproj", "{D63DF528-C81D-4054-9F7F-A5E4F2D80A91}"
EndProject
Project("{9A19103F-16F7-4668-BE54-9A1E7A4F7556}") = "Persistence.Mongo", "common\Persistence.Mongo\Persistence.Mongo.csproj", "{87F9EE59-E17D-489D-8AC3-3016EC4B60C7}"
EndProject
Project("{9A19103F-16F7-4668-BE54-9A1E7A4F7556}") = "Persistence.Common", "common\Persistence.Common\Persistence.Common.csproj", "{0896843A-5718-48B2-BCFD-9E6FFA46C321}"
EndProject
Project("{2150E333-8FDC-42A3-9474-1A3956D46DE8}") = "common", "common", "{172238B0-6E58-4E04-BF19-9B14592929D5}"
EndProject
Project("{2150E333-8FDC-42A3-9474-1A3956D46DE8}") = "status", "status", "{1B79F7E1-9BC9-4B33-9965-AD9A1A6C7848}"
EndProject
Project("{9A19103F-16F7-4668-BE54-9A1E7A4F7556}") = "Status.Speed", "status\Status.Speed\Status.Speed.csproj", "{039B3612-6F0C-42A7-BDF2-797383C0C2FA}"
EndProject
Project("{9A19103F-16F7-4668-BE54-9A1E7A4F7556}") = "Status.Common.Messaging", "status\Status.Common.Messaging\Status.Common.Messaging.csproj", "{7E9BA4D2-8F7E-448C-8133-4C94B54AB841}"
EndProject
Project("{9A19103F-16F7-4668-BE54-9A1E7A4F7556}") = "Status.Common", "status\Status.Common\Status.Common.csproj", "{E6B864F6-7FA1-44EA-8CCC-D4C36336CEFF}"
EndProject
Project("{2150E333-8FDC-42A3-9474-1A3956D46DE8}") = "Acyclica", "Acyclica", "{D00B0048-2BB7-4F34-9D83-7FBF420BB605}"
EndProject
Project("{2150E333-8FDC-42A3-9474-1A3956D46DE8}") = "speed-collection", "speed-collection", "{10AC64BC-3FA6-44A0-B2F8-86AB7BA1CE50}"
EndProject
Project("{9A19103F-16F7-4668-BE54-9A1E7A4F7556}") = "Authorization", "common\Authorization\Authorization.csproj", "{06B29B68-FEAB-4A26-A03C-90FC8AB5A661}"
EndProject
Project("{9A19103F-16F7-4668-BE54-9A1E7A4F7556}") = "SegmentCollection", "SegmentCollection\SegmentCollection.csproj", "{5DDB299A-372C-467E-9C12-E5BAB7D8646B}"
EndProject
Project("{9A19103F-16F7-4668-BE54-9A1E7A4F7556}") = "Status.CorridorSpeedEvent", "status\Status.CorridorSpeedEvent\Status.CorridorSpeedEvent.csproj", "{F8FB8E6B-A7E1-4D2D-B9F9-65A5745DB4FF}"
EndProject
Project("{9A19103F-16F7-4668-BE54-9A1E7A4F7556}") = "Status.CorridorSpeedEvent.Messaging", "status\Status.CorridorSpeedEvent.Messaging\Status.CorridorSpeedEvent.Messaging.csproj", "{671100E7-A225-4CDA-80C8-068A34BE722E}"
EndProject
Project("{9A19103F-16F7-4668-BE54-9A1E7A4F7556}") = "Status.SpeedEvent.Messaging", "status\Status.SpeedEvent.Messaging\Status.SpeedEvent.Messaging.csproj", "{47F666E5-88E4-419B-89E9-DAA09E4EBCFB}"
EndProject
Project("{9A19103F-16F7-4668-BE54-9A1E7A4F7556}") = "EntityService", "EntityService\EntityService.csproj", "{170D2392-5DF6-4D9B-B163-BC0640E883E7}"
EndProject
Project("{2150E333-8FDC-42A3-9474-1A3956D46DE8}") = "entity-service", "entity-service", "{BE06A879-610B-4E41-972C-44D7E560B1E1}"
EndProject
Project("{9A19103F-16F7-4668-BE54-9A1E7A4F7556}") = "SegmentCollection.Test", "SegmentCollection.Test\SegmentCollection.Test.csproj", "{1598BB6B-FED8-4461-85E3-CD60D6FBAD73}"
EndProject
Project("{2150E333-8FDC-42A3-9474-1A3956D46DE8}") = "SpeedStatus", "SpeedStatus", "{010A2AB7-69F0-4CAC-9E9D-CD8248D9D27F}"
EndProject
Project("{2150E333-8FDC-42A3-9474-1A3956D46DE8}") = "Apis", "Apis", "{D49496D7-62F8-4247-83F2-AEAE216145A7}"
EndProject
Project("{9A19103F-16F7-4668-BE54-9A1E7A4F7556}") = "Api.SpeedStatus", "Api.SpeedStatus\Api.SpeedStatus.csproj", "{8F41736C-5B33-4583-8F80-9AA81F38AEA2}"
EndProject
Project("{9A19103F-16F7-4668-BE54-9A1E7A4F7556}") = "Extensions.AspNet", "common\Extensions.AspNet\Extensions.AspNet.csproj", "{E2A556F3-00EC-4981-9932-D3ADF7A4D943}"
EndProject
Project("{2150E333-8FDC-42A3-9474-1A3956D46DE8}") = "Repositories", "Repositories", "{0E4F43D1-0F53-4868-9E9F-12E96C654576}"
EndProject
Project("{9A19103F-16F7-4668-BE54-9A1E7A4F7556}") = "Repository.SpeedStatus", "Repository.SpeedStatus\Repository.SpeedStatus.csproj", "{0C1C772D-028E-40E8-A72C-1BCADC0FE8A5}"
EndProject
Project("{2150E333-8FDC-42A3-9474-1A3956D46DE8}") = "Models", "Models", "{823E1498-F006-4EC4-926C-544D7ABBFF54}"
EndProject
Project("{9A19103F-16F7-4668-BE54-9A1E7A4F7556}") = "Models.SpeedStatus", "Models.SpeedStatus\Models.SpeedStatus.csproj", "{8FBD522A-FF8E-4D08-A08E-F725BC7DE62B}"
EndProject
Project("{9A19103F-16F7-4668-BE54-9A1E7A4F7556}") = "Monitoring.HealthChecks.Kafka", "common\Monitoring.HealthChecks.Kafka\Monitoring.HealthChecks.Kafka.csproj", "{CC8CA5F9-752C-42D8-AFD4-BDF30786FDD3}"
EndProject
Project("{2150E333-8FDC-42A3-9474-1A3956D46DE8}") = "Extensions", "Extensions", "{EE20BA54-E0FD-4E22-AFA8-FF8FC38ABC33}"
EndProject
Project("{9A19103F-16F7-4668-BE54-9A1E7A4F7556}") = "Extensions.SpeedStatus", "Extensions.SpeedStatus\Extensions.SpeedStatus.csproj", "{1C112ED4-8AC4-4300-B25A-02E05EE9BE96}"
EndProject
Project("{9A19103F-16F7-4668-BE54-9A1E7A4F7556}") = "Monitoring.AspNet", "common\Monitoring.AspNet\Monitoring.AspNet.csproj", "{1A03E1EA-286D-4714-8E1A-2B0FA0C3335C}"
EndProject
Project("{9A19103F-16F7-4668-BE54-9A1E7A4F7556}") = "Monitoring.HealthChecks.Redis", "common\Monitoring.HealthChecks.Redis\Monitoring.HealthChecks.Redis.csproj", "{D03607DF-B4B9-4CC3-8183-87BD26E3DF92}"
EndProject
Project("{9A19103F-16F7-4668-BE54-9A1E7A4F7556}") = "Service.SpeedStatus", "Service.SpeedStatus\Service.SpeedStatus.csproj", "{B71AAB6D-FE5B-4CC5-8A30-D66340B2429F}"
EndProject
Project("{2150E333-8FDC-42A3-9474-1A3956D46DE8}") = "Services", "Services", "{84594F68-C747-4E57-8937-CFD2AC075225}"
EndProject
Project("{9A19103F-16F7-4668-BE54-9A1E7A4F7556}") = "AcyclicaServiceLibrary", "AcyclicaServiceLibrary\AcyclicaServiceLibrary.csproj", "{4A44104E-E0D3-4325-A750-512EFAAE1A72}"
EndProject
Project("{9A19103F-16F7-4668-BE54-9A1E7A4F7556}") = "SegmentCollectionLibrary", "SegmentCollectionLibrary\SegmentCollectionLibrary.csproj", "{F8C20CCA-5227-47A3-8658-5A1AD466CF34}"
EndProject
Project("{9A19103F-16F7-4668-BE54-9A1E7A4F7556}") = "Monitoring.HealthChecks.Mongo", "common\Monitoring.HealthChecks.Mongo\Monitoring.HealthChecks.Mongo.csproj", "{3896C101-04CB-47BE-A184-FB405E89C62B}"
EndProject
Global
	GlobalSection(SolutionConfigurationPlatforms) = preSolution
		Debug|Any CPU = Debug|Any CPU
		Release|Any CPU = Release|Any CPU
	EndGlobalSection
	GlobalSection(ProjectConfigurationPlatforms) = postSolution
		{BEC272FF-028F-41B2-B853-2534B5613A77}.Debug|Any CPU.ActiveCfg = Debug|Any CPU
		{BEC272FF-028F-41B2-B853-2534B5613A77}.Debug|Any CPU.Build.0 = Debug|Any CPU
		{BEC272FF-028F-41B2-B853-2534B5613A77}.Release|Any CPU.ActiveCfg = Release|Any CPU
		{BEC272FF-028F-41B2-B853-2534B5613A77}.Release|Any CPU.Build.0 = Release|Any CPU
		{D37582DB-084E-4C2B-9853-A15D7B1621DD}.Debug|Any CPU.ActiveCfg = Debug|Any CPU
		{D37582DB-084E-4C2B-9853-A15D7B1621DD}.Debug|Any CPU.Build.0 = Debug|Any CPU
		{D37582DB-084E-4C2B-9853-A15D7B1621DD}.Release|Any CPU.ActiveCfg = Release|Any CPU
		{D37582DB-084E-4C2B-9853-A15D7B1621DD}.Release|Any CPU.Build.0 = Release|Any CPU
		{36819A1C-4DAD-4EA1-B0D5-0F075EB4225B}.Debug|Any CPU.ActiveCfg = Debug|Any CPU
		{36819A1C-4DAD-4EA1-B0D5-0F075EB4225B}.Debug|Any CPU.Build.0 = Debug|Any CPU
		{36819A1C-4DAD-4EA1-B0D5-0F075EB4225B}.Release|Any CPU.ActiveCfg = Release|Any CPU
		{36819A1C-4DAD-4EA1-B0D5-0F075EB4225B}.Release|Any CPU.Build.0 = Release|Any CPU
		{99F2CF22-D3BC-47F4-B847-DD64F319AF47}.Debug|Any CPU.ActiveCfg = Debug|Any CPU
		{99F2CF22-D3BC-47F4-B847-DD64F319AF47}.Debug|Any CPU.Build.0 = Debug|Any CPU
		{99F2CF22-D3BC-47F4-B847-DD64F319AF47}.Release|Any CPU.ActiveCfg = Release|Any CPU
		{99F2CF22-D3BC-47F4-B847-DD64F319AF47}.Release|Any CPU.Build.0 = Release|Any CPU
		{655C550E-2434-4B3B-AD9F-74E5005223F4}.Debug|Any CPU.ActiveCfg = Debug|Any CPU
		{655C550E-2434-4B3B-AD9F-74E5005223F4}.Debug|Any CPU.Build.0 = Debug|Any CPU
		{655C550E-2434-4B3B-AD9F-74E5005223F4}.Release|Any CPU.ActiveCfg = Release|Any CPU
		{655C550E-2434-4B3B-AD9F-74E5005223F4}.Release|Any CPU.Build.0 = Release|Any CPU
		{D63DF528-C81D-4054-9F7F-A5E4F2D80A91}.Debug|Any CPU.ActiveCfg = Debug|Any CPU
		{D63DF528-C81D-4054-9F7F-A5E4F2D80A91}.Debug|Any CPU.Build.0 = Debug|Any CPU
		{D63DF528-C81D-4054-9F7F-A5E4F2D80A91}.Release|Any CPU.ActiveCfg = Release|Any CPU
		{D63DF528-C81D-4054-9F7F-A5E4F2D80A91}.Release|Any CPU.Build.0 = Release|Any CPU
		{87F9EE59-E17D-489D-8AC3-3016EC4B60C7}.Debug|Any CPU.ActiveCfg = Debug|Any CPU
		{87F9EE59-E17D-489D-8AC3-3016EC4B60C7}.Debug|Any CPU.Build.0 = Debug|Any CPU
		{87F9EE59-E17D-489D-8AC3-3016EC4B60C7}.Release|Any CPU.ActiveCfg = Release|Any CPU
		{87F9EE59-E17D-489D-8AC3-3016EC4B60C7}.Release|Any CPU.Build.0 = Release|Any CPU
		{0896843A-5718-48B2-BCFD-9E6FFA46C321}.Debug|Any CPU.ActiveCfg = Debug|Any CPU
		{0896843A-5718-48B2-BCFD-9E6FFA46C321}.Debug|Any CPU.Build.0 = Debug|Any CPU
		{0896843A-5718-48B2-BCFD-9E6FFA46C321}.Release|Any CPU.ActiveCfg = Release|Any CPU
		{0896843A-5718-48B2-BCFD-9E6FFA46C321}.Release|Any CPU.Build.0 = Release|Any CPU
		{039B3612-6F0C-42A7-BDF2-797383C0C2FA}.Debug|Any CPU.ActiveCfg = Debug|Any CPU
		{039B3612-6F0C-42A7-BDF2-797383C0C2FA}.Debug|Any CPU.Build.0 = Debug|Any CPU
		{039B3612-6F0C-42A7-BDF2-797383C0C2FA}.Release|Any CPU.ActiveCfg = Release|Any CPU
		{039B3612-6F0C-42A7-BDF2-797383C0C2FA}.Release|Any CPU.Build.0 = Release|Any CPU
		{7E9BA4D2-8F7E-448C-8133-4C94B54AB841}.Debug|Any CPU.ActiveCfg = Debug|Any CPU
		{7E9BA4D2-8F7E-448C-8133-4C94B54AB841}.Debug|Any CPU.Build.0 = Debug|Any CPU
		{7E9BA4D2-8F7E-448C-8133-4C94B54AB841}.Release|Any CPU.ActiveCfg = Release|Any CPU
		{7E9BA4D2-8F7E-448C-8133-4C94B54AB841}.Release|Any CPU.Build.0 = Release|Any CPU
		{E6B864F6-7FA1-44EA-8CCC-D4C36336CEFF}.Debug|Any CPU.ActiveCfg = Debug|Any CPU
		{E6B864F6-7FA1-44EA-8CCC-D4C36336CEFF}.Debug|Any CPU.Build.0 = Debug|Any CPU
		{E6B864F6-7FA1-44EA-8CCC-D4C36336CEFF}.Release|Any CPU.ActiveCfg = Release|Any CPU
		{E6B864F6-7FA1-44EA-8CCC-D4C36336CEFF}.Release|Any CPU.Build.0 = Release|Any CPU
		{06B29B68-FEAB-4A26-A03C-90FC8AB5A661}.Debug|Any CPU.ActiveCfg = Debug|Any CPU
		{06B29B68-FEAB-4A26-A03C-90FC8AB5A661}.Debug|Any CPU.Build.0 = Debug|Any CPU
		{06B29B68-FEAB-4A26-A03C-90FC8AB5A661}.Release|Any CPU.ActiveCfg = Release|Any CPU
		{06B29B68-FEAB-4A26-A03C-90FC8AB5A661}.Release|Any CPU.Build.0 = Release|Any CPU
		{5DDB299A-372C-467E-9C12-E5BAB7D8646B}.Debug|Any CPU.ActiveCfg = Debug|Any CPU
		{5DDB299A-372C-467E-9C12-E5BAB7D8646B}.Debug|Any CPU.Build.0 = Debug|Any CPU
		{5DDB299A-372C-467E-9C12-E5BAB7D8646B}.Release|Any CPU.ActiveCfg = Release|Any CPU
		{5DDB299A-372C-467E-9C12-E5BAB7D8646B}.Release|Any CPU.Build.0 = Release|Any CPU
		{F8FB8E6B-A7E1-4D2D-B9F9-65A5745DB4FF}.Debug|Any CPU.ActiveCfg = Debug|Any CPU
		{F8FB8E6B-A7E1-4D2D-B9F9-65A5745DB4FF}.Debug|Any CPU.Build.0 = Debug|Any CPU
		{F8FB8E6B-A7E1-4D2D-B9F9-65A5745DB4FF}.Release|Any CPU.ActiveCfg = Release|Any CPU
		{F8FB8E6B-A7E1-4D2D-B9F9-65A5745DB4FF}.Release|Any CPU.Build.0 = Release|Any CPU
		{671100E7-A225-4CDA-80C8-068A34BE722E}.Debug|Any CPU.ActiveCfg = Debug|Any CPU
		{671100E7-A225-4CDA-80C8-068A34BE722E}.Debug|Any CPU.Build.0 = Debug|Any CPU
		{671100E7-A225-4CDA-80C8-068A34BE722E}.Release|Any CPU.ActiveCfg = Release|Any CPU
		{671100E7-A225-4CDA-80C8-068A34BE722E}.Release|Any CPU.Build.0 = Release|Any CPU
		{47F666E5-88E4-419B-89E9-DAA09E4EBCFB}.Debug|Any CPU.ActiveCfg = Debug|Any CPU
		{47F666E5-88E4-419B-89E9-DAA09E4EBCFB}.Debug|Any CPU.Build.0 = Debug|Any CPU
		{47F666E5-88E4-419B-89E9-DAA09E4EBCFB}.Release|Any CPU.ActiveCfg = Release|Any CPU
		{47F666E5-88E4-419B-89E9-DAA09E4EBCFB}.Release|Any CPU.Build.0 = Release|Any CPU
		{170D2392-5DF6-4D9B-B163-BC0640E883E7}.Debug|Any CPU.ActiveCfg = Debug|Any CPU
		{170D2392-5DF6-4D9B-B163-BC0640E883E7}.Debug|Any CPU.Build.0 = Debug|Any CPU
		{170D2392-5DF6-4D9B-B163-BC0640E883E7}.Release|Any CPU.ActiveCfg = Release|Any CPU
		{170D2392-5DF6-4D9B-B163-BC0640E883E7}.Release|Any CPU.Build.0 = Release|Any CPU
		{1598BB6B-FED8-4461-85E3-CD60D6FBAD73}.Debug|Any CPU.ActiveCfg = Debug|Any CPU
		{1598BB6B-FED8-4461-85E3-CD60D6FBAD73}.Debug|Any CPU.Build.0 = Debug|Any CPU
		{1598BB6B-FED8-4461-85E3-CD60D6FBAD73}.Release|Any CPU.ActiveCfg = Release|Any CPU
		{1598BB6B-FED8-4461-85E3-CD60D6FBAD73}.Release|Any CPU.Build.0 = Release|Any CPU
		{8F41736C-5B33-4583-8F80-9AA81F38AEA2}.Debug|Any CPU.ActiveCfg = Debug|Any CPU
		{8F41736C-5B33-4583-8F80-9AA81F38AEA2}.Debug|Any CPU.Build.0 = Debug|Any CPU
		{8F41736C-5B33-4583-8F80-9AA81F38AEA2}.Release|Any CPU.ActiveCfg = Release|Any CPU
		{8F41736C-5B33-4583-8F80-9AA81F38AEA2}.Release|Any CPU.Build.0 = Release|Any CPU
		{E2A556F3-00EC-4981-9932-D3ADF7A4D943}.Debug|Any CPU.ActiveCfg = Debug|Any CPU
		{E2A556F3-00EC-4981-9932-D3ADF7A4D943}.Debug|Any CPU.Build.0 = Debug|Any CPU
		{E2A556F3-00EC-4981-9932-D3ADF7A4D943}.Release|Any CPU.ActiveCfg = Release|Any CPU
		{E2A556F3-00EC-4981-9932-D3ADF7A4D943}.Release|Any CPU.Build.0 = Release|Any CPU
		{0C1C772D-028E-40E8-A72C-1BCADC0FE8A5}.Debug|Any CPU.ActiveCfg = Debug|Any CPU
		{0C1C772D-028E-40E8-A72C-1BCADC0FE8A5}.Debug|Any CPU.Build.0 = Debug|Any CPU
		{0C1C772D-028E-40E8-A72C-1BCADC0FE8A5}.Release|Any CPU.ActiveCfg = Release|Any CPU
		{0C1C772D-028E-40E8-A72C-1BCADC0FE8A5}.Release|Any CPU.Build.0 = Release|Any CPU
		{8FBD522A-FF8E-4D08-A08E-F725BC7DE62B}.Debug|Any CPU.ActiveCfg = Debug|Any CPU
		{8FBD522A-FF8E-4D08-A08E-F725BC7DE62B}.Debug|Any CPU.Build.0 = Debug|Any CPU
		{8FBD522A-FF8E-4D08-A08E-F725BC7DE62B}.Release|Any CPU.ActiveCfg = Release|Any CPU
		{8FBD522A-FF8E-4D08-A08E-F725BC7DE62B}.Release|Any CPU.Build.0 = Release|Any CPU
		{CC8CA5F9-752C-42D8-AFD4-BDF30786FDD3}.Debug|Any CPU.ActiveCfg = Debug|Any CPU
		{CC8CA5F9-752C-42D8-AFD4-BDF30786FDD3}.Debug|Any CPU.Build.0 = Debug|Any CPU
		{CC8CA5F9-752C-42D8-AFD4-BDF30786FDD3}.Release|Any CPU.ActiveCfg = Release|Any CPU
		{CC8CA5F9-752C-42D8-AFD4-BDF30786FDD3}.Release|Any CPU.Build.0 = Release|Any CPU
		{1C112ED4-8AC4-4300-B25A-02E05EE9BE96}.Debug|Any CPU.ActiveCfg = Debug|Any CPU
		{1C112ED4-8AC4-4300-B25A-02E05EE9BE96}.Debug|Any CPU.Build.0 = Debug|Any CPU
		{1C112ED4-8AC4-4300-B25A-02E05EE9BE96}.Release|Any CPU.ActiveCfg = Release|Any CPU
		{1C112ED4-8AC4-4300-B25A-02E05EE9BE96}.Release|Any CPU.Build.0 = Release|Any CPU
		{1A03E1EA-286D-4714-8E1A-2B0FA0C3335C}.Debug|Any CPU.ActiveCfg = Debug|Any CPU
		{1A03E1EA-286D-4714-8E1A-2B0FA0C3335C}.Debug|Any CPU.Build.0 = Debug|Any CPU
		{1A03E1EA-286D-4714-8E1A-2B0FA0C3335C}.Release|Any CPU.ActiveCfg = Release|Any CPU
		{1A03E1EA-286D-4714-8E1A-2B0FA0C3335C}.Release|Any CPU.Build.0 = Release|Any CPU
		{D03607DF-B4B9-4CC3-8183-87BD26E3DF92}.Debug|Any CPU.ActiveCfg = Debug|Any CPU
		{D03607DF-B4B9-4CC3-8183-87BD26E3DF92}.Debug|Any CPU.Build.0 = Debug|Any CPU
		{D03607DF-B4B9-4CC3-8183-87BD26E3DF92}.Release|Any CPU.ActiveCfg = Release|Any CPU
		{D03607DF-B4B9-4CC3-8183-87BD26E3DF92}.Release|Any CPU.Build.0 = Release|Any CPU
		{B71AAB6D-FE5B-4CC5-8A30-D66340B2429F}.Debug|Any CPU.ActiveCfg = Debug|Any CPU
		{B71AAB6D-FE5B-4CC5-8A30-D66340B2429F}.Debug|Any CPU.Build.0 = Debug|Any CPU
		{B71AAB6D-FE5B-4CC5-8A30-D66340B2429F}.Release|Any CPU.ActiveCfg = Release|Any CPU
		{B71AAB6D-FE5B-4CC5-8A30-D66340B2429F}.Release|Any CPU.Build.0 = Release|Any CPU
		{4A44104E-E0D3-4325-A750-512EFAAE1A72}.Debug|Any CPU.ActiveCfg = Debug|Any CPU
		{4A44104E-E0D3-4325-A750-512EFAAE1A72}.Debug|Any CPU.Build.0 = Debug|Any CPU
		{4A44104E-E0D3-4325-A750-512EFAAE1A72}.Release|Any CPU.ActiveCfg = Release|Any CPU
		{4A44104E-E0D3-4325-A750-512EFAAE1A72}.Release|Any CPU.Build.0 = Release|Any CPU
		{F8C20CCA-5227-47A3-8658-5A1AD466CF34}.Debug|Any CPU.ActiveCfg = Debug|Any CPU
		{F8C20CCA-5227-47A3-8658-5A1AD466CF34}.Debug|Any CPU.Build.0 = Debug|Any CPU
		{F8C20CCA-5227-47A3-8658-5A1AD466CF34}.Release|Any CPU.ActiveCfg = Release|Any CPU
		{F8C20CCA-5227-47A3-8658-5A1AD466CF34}.Release|Any CPU.Build.0 = Release|Any CPU
		{3896C101-04CB-47BE-A184-FB405E89C62B}.Debug|Any CPU.ActiveCfg = Debug|Any CPU
		{3896C101-04CB-47BE-A184-FB405E89C62B}.Debug|Any CPU.Build.0 = Debug|Any CPU
		{3896C101-04CB-47BE-A184-FB405E89C62B}.Release|Any CPU.ActiveCfg = Release|Any CPU
		{3896C101-04CB-47BE-A184-FB405E89C62B}.Release|Any CPU.Build.0 = Release|Any CPU
	EndGlobalSection
	GlobalSection(SolutionProperties) = preSolution
		HideSolutionNode = FALSE
	EndGlobalSection
	GlobalSection(NestedProjects) = preSolution
		{BEC272FF-028F-41B2-B853-2534B5613A77} = {D00B0048-2BB7-4F34-9D83-7FBF420BB605}
		{D37582DB-084E-4C2B-9853-A15D7B1621DD} = {D00B0048-2BB7-4F34-9D83-7FBF420BB605}
		{36819A1C-4DAD-4EA1-B0D5-0F075EB4225B} = {D00B0048-2BB7-4F34-9D83-7FBF420BB605}
		{99F2CF22-D3BC-47F4-B847-DD64F319AF47} = {172238B0-6E58-4E04-BF19-9B14592929D5}
		{655C550E-2434-4B3B-AD9F-74E5005223F4} = {172238B0-6E58-4E04-BF19-9B14592929D5}
		{D63DF528-C81D-4054-9F7F-A5E4F2D80A91} = {172238B0-6E58-4E04-BF19-9B14592929D5}
		{87F9EE59-E17D-489D-8AC3-3016EC4B60C7} = {172238B0-6E58-4E04-BF19-9B14592929D5}
		{0896843A-5718-48B2-BCFD-9E6FFA46C321} = {172238B0-6E58-4E04-BF19-9B14592929D5}
		{039B3612-6F0C-42A7-BDF2-797383C0C2FA} = {1B79F7E1-9BC9-4B33-9965-AD9A1A6C7848}
		{7E9BA4D2-8F7E-448C-8133-4C94B54AB841} = {1B79F7E1-9BC9-4B33-9965-AD9A1A6C7848}
		{E6B864F6-7FA1-44EA-8CCC-D4C36336CEFF} = {1B79F7E1-9BC9-4B33-9965-AD9A1A6C7848}
		{06B29B68-FEAB-4A26-A03C-90FC8AB5A661} = {172238B0-6E58-4E04-BF19-9B14592929D5}
		{5DDB299A-372C-467E-9C12-E5BAB7D8646B} = {10AC64BC-3FA6-44A0-B2F8-86AB7BA1CE50}
		{F8FB8E6B-A7E1-4D2D-B9F9-65A5745DB4FF} = {1B79F7E1-9BC9-4B33-9965-AD9A1A6C7848}
		{671100E7-A225-4CDA-80C8-068A34BE722E} = {1B79F7E1-9BC9-4B33-9965-AD9A1A6C7848}
		{47F666E5-88E4-419B-89E9-DAA09E4EBCFB} = {1B79F7E1-9BC9-4B33-9965-AD9A1A6C7848}
		{170D2392-5DF6-4D9B-B163-BC0640E883E7} = {BE06A879-610B-4E41-972C-44D7E560B1E1}
		{1598BB6B-FED8-4461-85E3-CD60D6FBAD73} = {10AC64BC-3FA6-44A0-B2F8-86AB7BA1CE50}
		{010A2AB7-69F0-4CAC-9E9D-CD8248D9D27F} = {10AC64BC-3FA6-44A0-B2F8-86AB7BA1CE50}
		{D49496D7-62F8-4247-83F2-AEAE216145A7} = {010A2AB7-69F0-4CAC-9E9D-CD8248D9D27F}
		{8F41736C-5B33-4583-8F80-9AA81F38AEA2} = {D49496D7-62F8-4247-83F2-AEAE216145A7}
		{E2A556F3-00EC-4981-9932-D3ADF7A4D943} = {172238B0-6E58-4E04-BF19-9B14592929D5}
		{0E4F43D1-0F53-4868-9E9F-12E96C654576} = {010A2AB7-69F0-4CAC-9E9D-CD8248D9D27F}
		{0C1C772D-028E-40E8-A72C-1BCADC0FE8A5} = {0E4F43D1-0F53-4868-9E9F-12E96C654576}
		{823E1498-F006-4EC4-926C-544D7ABBFF54} = {010A2AB7-69F0-4CAC-9E9D-CD8248D9D27F}
		{8FBD522A-FF8E-4D08-A08E-F725BC7DE62B} = {823E1498-F006-4EC4-926C-544D7ABBFF54}
		{CC8CA5F9-752C-42D8-AFD4-BDF30786FDD3} = {172238B0-6E58-4E04-BF19-9B14592929D5}
		{EE20BA54-E0FD-4E22-AFA8-FF8FC38ABC33} = {010A2AB7-69F0-4CAC-9E9D-CD8248D9D27F}
		{1C112ED4-8AC4-4300-B25A-02E05EE9BE96} = {EE20BA54-E0FD-4E22-AFA8-FF8FC38ABC33}
		{1A03E1EA-286D-4714-8E1A-2B0FA0C3335C} = {172238B0-6E58-4E04-BF19-9B14592929D5}
		{D03607DF-B4B9-4CC3-8183-87BD26E3DF92} = {172238B0-6E58-4E04-BF19-9B14592929D5}
		{B71AAB6D-FE5B-4CC5-8A30-D66340B2429F} = {84594F68-C747-4E57-8937-CFD2AC075225}
		{84594F68-C747-4E57-8937-CFD2AC075225} = {010A2AB7-69F0-4CAC-9E9D-CD8248D9D27F}
		{4A44104E-E0D3-4325-A750-512EFAAE1A72} = {D00B0048-2BB7-4F34-9D83-7FBF420BB605}
		{F8C20CCA-5227-47A3-8658-5A1AD466CF34} = {10AC64BC-3FA6-44A0-B2F8-86AB7BA1CE50}
		{3896C101-04CB-47BE-A184-FB405E89C62B} = {172238B0-6E58-4E04-BF19-9B14592929D5}
	EndGlobalSection
	GlobalSection(ExtensibilityGlobals) = postSolution
		SolutionGuid = {0A70366F-2448-4188-9C88-D94677B74598}
	EndGlobalSection
EndGlobal
